
Microsoft Visual Studio Solution File, Format Version 12.00
# Visual Studio Version 17
VisualStudioVersion = 17.14.36811.4
MinimumVisualStudioVersion = 10.0.40219.1
Project("{FAE04EC0-301F-11D3-BF4B-00C04F79EFBC}") = "DCSMissionReader", "DCSMissionReader\DCSMissionReader.csproj", "{C0A38DF1-CE7F-A177-7820-E7B129CF4A5D}"
EndProject
Project("{FAE04EC0-301F-11D3-BF4B-00C04F79EFBC}") = "DCSMissionReader.Tests", "DCSMissionReader.Tests\DCSMissionReader.Tests.csproj", "{560991B4-503A-429B-88B0-87915FED11DC}"
EndProject
Project("{FAE04EC0-301F-11D3-BF4B-00C04F79EFBC}") = "DCSMissionReader.Core", "DCSMissionReader.Core\DCSMissionReader.Core.csproj", "{9DB7DBB9-733D-4FDE-AE08-AC38B10BE243}"
EndProject
Global
	GlobalSection(SolutionConfigurationPlatforms) = preSolution
		Debug|Any CPU = Debug|Any CPU
		Release|Any CPU = Release|Any CPU
	EndGlobalSection
	GlobalSection(ProjectConfigurationPlatforms) = postSolution
		{C0A38DF1-CE7F-A177-7820-E7B129CF4A5D}.Debug|Any CPU.ActiveCfg = Debug|Any CPU
		{C0A38DF1-CE7F-A177-7820-E7B129CF4A5D}.Debug|Any CPU.Build.0 = Debug|Any CPU
		{C0A38DF1-CE7F-A177-7820-E7B129CF4A5D}.Release|Any CPU.ActiveCfg = Release|Any CPU
		{C0A38DF1-CE7F-A177-7820-E7B129CF4A5D}.Release|Any CPU.Build.0 = Release|Any CPU
		{560991B4-503A-429B-88B0-87915FED11DC}.Debug|Any CPU.ActiveCfg = Debug|Any CPU
		{560991B4-503A-429B-88B0-87915FED11DC}.Debug|Any CPU.Build.0 = Debug|Any CPU
		{560991B4-503A-429B-88B0-87915FED11DC}.Release|Any CPU.ActiveCfg = Release|Any CPU
		{560991B4-503A-429B-88B0-87915FED11DC}.Release|Any CPU.Build.0 = Release|Any CPU
		{9DB7DBB9-733D-4FDE-AE08-AC38B10BE243}.Debug|Any CPU.ActiveCfg = Debug|Any CPU
		{9DB7DBB9-733D-4FDE-AE08-AC38B10BE243}.Debug|Any CPU.Build.0 = Debug|Any CPU
		{9DB7DBB9-733D-4FDE-AE08-AC38B10BE243}.Release|Any CPU.ActiveCfg = Release|Any CPU
		{9DB7DBB9-733D-4FDE-AE08-AC38B10BE243}.Release|Any CPU.Build.0 = Release|Any CPU
	EndGlobalSection
	GlobalSection(SolutionProperties) = preSolution
		HideSolutionNode = FALSE
	EndGlobalSection
	GlobalSection(ExtensibilityGlobals) = postSolution
		SolutionGuid = {AD08F488-39B9-4965-A7A5-5AE48B6A8B92}
	EndGlobalSection
EndGlobal
